
Microsoft Visual Studio Solution File, Format Version 12.00
# Visual Studio Version 16
VisualStudioVersion = 16.0.30204.135
MinimumVisualStudioVersion = 10.0.40219.1
Project("{FAE04EC0-301F-11D3-BF4B-00C04F79EFBC}") = "Import_Salary", "Import_Salary\Import_Salary.csproj", "{C8F19886-5E81-4567-A482-BE829B085491}"
EndProject
Project("{FAE04EC0-301F-11D3-BF4B-00C04F79EFBC}") = "SJX_Model", "SJX_Model\SJX_Model.csproj", "{8D5379CB-9CF3-482F-A6BD-8D2D2D44A21F}"
EndProject
Global
	GlobalSection(SolutionConfigurationPlatforms) = preSolution
		Debug|Any CPU = Debug|Any CPU
		Release|Any CPU = Release|Any CPU
	EndGlobalSection
	GlobalSection(ProjectConfigurationPlatforms) = postSolution
		{C8F19886-5E81-4567-A482-BE829B085491}.Debug|Any CPU.ActiveCfg = Debug|Any CPU
		{C8F19886-5E81-4567-A482-BE829B085491}.Debug|Any CPU.Build.0 = Debug|Any CPU
		{C8F19886-5E81-4567-A482-BE829B085491}.Release|Any CPU.ActiveCfg = Release|Any CPU
		{C8F19886-5E81-4567-A482-BE829B085491}.Release|Any CPU.Build.0 = Release|Any CPU
		{8D5379CB-9CF3-482F-A6BD-8D2D2D44A21F}.Debug|Any CPU.ActiveCfg = Debug|Any CPU
		{8D5379CB-9CF3-482F-A6BD-8D2D2D44A21F}.Debug|Any CPU.Build.0 = Debug|Any CPU
		{8D5379CB-9CF3-482F-A6BD-8D2D2D44A21F}.Release|Any CPU.ActiveCfg = Release|Any CPU
		{8D5379CB-9CF3-482F-A6BD-8D2D2D44A21F}.Release|Any CPU.Build.0 = Release|Any CPU
	EndGlobalSection
	GlobalSection(SolutionProperties) = preSolution
		HideSolutionNode = FALSE
	EndGlobalSection
	GlobalSection(ExtensibilityGlobals) = postSolution
		SolutionGuid = {4B7E9F31-CEF8-4131-AAA4-AB465794DED8}
	EndGlobalSection
EndGlobal
